
Microsoft Visual Studio Solution File, Format Version 12.00
# Visual Studio 15
Project("{FAE04EC0-301F-11D3-BF4B-00C04F79EFBC}") = "net_quickstart", "net_quickstart\net_quickstart.csproj", "{DE7184F6-5031-4839-8D33-AB3D00F24D03}"
EndProject
Global
	GlobalSection(SolutionConfigurationPlatforms) = preSolution
		Debug|anycpu = Debug|anycpu
		Release|anycpu = Release|anycpu
	EndGlobalSection
	GlobalSection(ProjectConfigurationPlatforms) = postSolution
		{DE7184F6-5031-4839-8D33-AB3D00F24D03}.Debug|anycpu.ActiveCfg = Debug|anycpu
		{DE7184F6-5031-4839-8D33-AB3D00F24D03}.Debug|anycpu.Build.0 = Debug|anycpu
		{DE7184F6-5031-4839-8D33-AB3D00F24D03}.Release|anycpu.ActiveCfg = Release|anycpu
		{DE7184F6-5031-4839-8D33-AB3D00F24D03}.Release|anycpu.Build.0 = Release|anycpu
	EndGlobalSection
EndGlobal
